
Microsoft Visual Studio Solution File, Format Version 12.00
# Visual Studio Version 16
VisualStudioVersion = 16.0.31321.278
MinimumVisualStudioVersion = 10.0.40219.1
Project("{9A19103F-16F7-4668-BE54-9A1E7A4F7556}") = "Library", "Library\Library.csproj", "{7BC9FBE4-974A-4FE1-8B6E-8106D543FABB}"
EndProject
Project("{9A19103F-16F7-4668-BE54-9A1E7A4F7556}") = "Library.Models", "Library.Models\Library.Models.csproj", "{0E1E5A8E-DD9E-4706-A741-3812BAAE10E6}"
EndProject
Project("{9A19103F-16F7-4668-BE54-9A1E7A4F7556}") = "Library.DataManagment", "Library.DataManagment\Library.DataManagment.csproj", "{F7CCC9C0-4011-48E6-BD4D-389BDFECF90A}"
EndProject
Global
	GlobalSection(SolutionConfigurationPlatforms) = preSolution
		Debug|Any CPU = Debug|Any CPU
		Release|Any CPU = Release|Any CPU
	EndGlobalSection
	GlobalSection(ProjectConfigurationPlatforms) = postSolution
		{7BC9FBE4-974A-4FE1-8B6E-8106D543FABB}.Debug|Any CPU.ActiveCfg = Debug|Any CPU
		{7BC9FBE4-974A-4FE1-8B6E-8106D543FABB}.Debug|Any CPU.Build.0 = Debug|Any CPU
		{7BC9FBE4-974A-4FE1-8B6E-8106D543FABB}.Release|Any CPU.ActiveCfg = Release|Any CPU
		{7BC9FBE4-974A-4FE1-8B6E-8106D543FABB}.Release|Any CPU.Build.0 = Release|Any CPU
		{0E1E5A8E-DD9E-4706-A741-3812BAAE10E6}.Debug|Any CPU.ActiveCfg = Debug|Any CPU
		{0E1E5A8E-DD9E-4706-A741-3812BAAE10E6}.Debug|Any CPU.Build.0 = Debug|Any CPU
		{0E1E5A8E-DD9E-4706-A741-3812BAAE10E6}.Release|Any CPU.ActiveCfg = Release|Any CPU
		{0E1E5A8E-DD9E-4706-A741-3812BAAE10E6}.Release|Any CPU.Build.0 = Release|Any CPU
		{F7CCC9C0-4011-48E6-BD4D-389BDFECF90A}.Debug|Any CPU.ActiveCfg = Debug|Any CPU
		{F7CCC9C0-4011-48E6-BD4D-389BDFECF90A}.Debug|Any CPU.Build.0 = Debug|Any CPU
		{F7CCC9C0-4011-48E6-BD4D-389BDFECF90A}.Release|Any CPU.ActiveCfg = Release|Any CPU
		{F7CCC9C0-4011-48E6-BD4D-389BDFECF90A}.Release|Any CPU.Build.0 = Release|Any CPU
	EndGlobalSection
	GlobalSection(SolutionProperties) = preSolution
		HideSolutionNode = FALSE
	EndGlobalSection
	GlobalSection(ExtensibilityGlobals) = postSolution
		SolutionGuid = {6106D257-D486-458E-A291-AC9A0F443877}
	EndGlobalSection
EndGlobal
